
Microsoft Visual Studio Solution File, Format Version 12.00
# Visual Studio 15
VisualStudioVersion = 15.0.28307.168
MinimumVisualStudioVersion = 10.0.40219.1
Project("{8BC9CEB8-8B4A-11D0-8D11-00A0C91BC942}") = "Math", "Math\Math.vcxproj", "{465E0451-A539-4A80-8967-BA07DCA7DFD3}"
EndProject
Global
	GlobalSection(SolutionConfigurationPlatforms) = preSolution
		Debug|x64 = Debug|x64
		Debug|x86 = Debug|x86
		Release|x64 = Release|x64
		Release|x86 = Release|x86
	EndGlobalSection
	GlobalSection(ProjectConfigurationPlatforms) = postSolution
		{465E0451-A539-4A80-8967-BA07DCA7DFD3}.Debug|x64.ActiveCfg = Debug|x64
		{465E0451-A539-4A80-8967-BA07DCA7DFD3}.Debug|x64.Build.0 = Debug|x64
		{465E0451-A539-4A80-8967-BA07DCA7DFD3}.Debug|x86.ActiveCfg = Debug|Win32
		{465E0451-A539-4A80-8967-BA07DCA7DFD3}.Debug|x86.Build.0 = Debug|Win32
		{465E0451-A539-4A80-8967-BA07DCA7DFD3}.Release|x64.ActiveCfg = Release|x64
		{465E0451-A539-4A80-8967-BA07DCA7DFD3}.Release|x64.Build.0 = Release|x64
		{465E0451-A539-4A80-8967-BA07DCA7DFD3}.Release|x86.ActiveCfg = Release|Win32
		{465E0451-A539-4A80-8967-BA07DCA7DFD3}.Release|x86.Build.0 = Release|Win32
	EndGlobalSection
	GlobalSection(SolutionProperties) = preSolution
		HideSolutionNode = FALSE
	EndGlobalSection
	GlobalSection(ExtensibilityGlobals) = postSolution
		SolutionGuid = {1C40DF0A-20DF-493E-98F8-D20602A3D39B}
	EndGlobalSection
EndGlobal
